
Microsoft Visual Studio Solution File, Format Version 12.00
# Visual Studio Version 17
VisualStudioVersion = 17.4.33213.308
MinimumVisualStudioVersion = 10.0.40219.1
Project("{FAE04EC0-301F-11D3-BF4B-00C04F79EFBC}") = "MartianRobots", "MartianRobots\MartianRobots.csproj", "{0A6A46CA-2B29-45AF-9DA9-E8115E161BB6}"
EndProject
Project("{FAE04EC0-301F-11D3-BF4B-00C04F79EFBC}") = "MartianRobotsTests", "MartianRobotsTests\MartianRobotsTests.csproj", "{663E0044-A7E5-4CA7-864F-551C7B9ACB6A}"
EndProject
Global
	GlobalSection(SolutionConfigurationPlatforms) = preSolution
		Debug|Any CPU = Debug|Any CPU
		Release|Any CPU = Release|Any CPU
	EndGlobalSection
	GlobalSection(ProjectConfigurationPlatforms) = postSolution
		{0A6A46CA-2B29-45AF-9DA9-E8115E161BB6}.Debug|Any CPU.ActiveCfg = Debug|Any CPU
		{0A6A46CA-2B29-45AF-9DA9-E8115E161BB6}.Debug|Any CPU.Build.0 = Debug|Any CPU
		{0A6A46CA-2B29-45AF-9DA9-E8115E161BB6}.Release|Any CPU.ActiveCfg = Release|Any CPU
		{0A6A46CA-2B29-45AF-9DA9-E8115E161BB6}.Release|Any CPU.Build.0 = Release|Any CPU
		{663E0044-A7E5-4CA7-864F-551C7B9ACB6A}.Debug|Any CPU.ActiveCfg = Debug|Any CPU
		{663E0044-A7E5-4CA7-864F-551C7B9ACB6A}.Debug|Any CPU.Build.0 = Debug|Any CPU
		{663E0044-A7E5-4CA7-864F-551C7B9ACB6A}.Release|Any CPU.ActiveCfg = Release|Any CPU
		{663E0044-A7E5-4CA7-864F-551C7B9ACB6A}.Release|Any CPU.Build.0 = Release|Any CPU
	EndGlobalSection
	GlobalSection(SolutionProperties) = preSolution
		HideSolutionNode = FALSE
	EndGlobalSection
	GlobalSection(ExtensibilityGlobals) = postSolution
		SolutionGuid = {656E5769-77E5-4E85-9DF0-EA717B24B944}
	EndGlobalSection
EndGlobal
